// !$*UTF8*$!
{
	archiveVersion = 1;
	classes = {
	};
	objectVersion = 46;
	objects = {

/* Begin PBXBuildFile section */
		6BBFA42916939BF70098826F /* Cocoa.framework in Frameworks */ = {isa = PBXBuildFile; fileRef = 6BBFA42816939BF70098826F /* Cocoa.framework */; };
		6BBFA43316939BF70098826F /* InfoPlist.strings in Resources */ = {isa = PBXBuildFile; fileRef = 6BBFA43116939BF70098826F /* InfoPlist.strings */; };
		6BBFA43716939BF70098826F /* XPG.m in Sources */ = {isa = PBXBuildFile; fileRef = 6BBFA43616939BF70098826F /* XPG.m */; };
		6BBFA46716939C480098826F /* Array.hpp in Headers */ = {isa = PBXBuildFile; fileRef = 6BBFA44016939C480098826F /* Array.hpp */; settings = {ATTRIBUTES = (Public, ); }; };
		6BBFA46816939C480098826F /* Clock.hpp in Headers */ = {isa = PBXBuildFile; fileRef = 6BBFA44116939C480098826F /* Clock.hpp */; settings = {ATTRIBUTES = (Public, ); }; };
		6BBFA46916939C480098826F /* DataTypes.hpp in Headers */ = {isa = PBXBuildFile; fileRef = 6BBFA44216939C480098826F /* DataTypes.hpp */; settings = {ATTRIBUTES = (Public, ); }; };
		6BBFA46A16939C480098826F /* DateTime.hpp in Headers */ = {isa = PBXBuildFile; fileRef = 6BBFA44316939C480098826F /* DateTime.hpp */; settings = {ATTRIBUTES = (Public, ); }; };
		6BBFA46B16939C480098826F /* Event.hpp in Headers */ = {isa = PBXBuildFile; fileRef = 6BBFA44416939C480098826F /* Event.hpp */; settings = {ATTRIBUTES = (Public, ); }; };
		6BBFA46C16939C480098826F /* Key.hpp in Headers */ = {isa = PBXBuildFile; fileRef = 6BBFA44516939C480098826F /* Key.hpp */; settings = {ATTRIBUTES = (Public, ); }; };
		6BBFA46D16939C480098826F /* Matrix4x4.hpp in Headers */ = {isa = PBXBuildFile; fileRef = 6BBFA44616939C480098826F /* Matrix4x4.hpp */; settings = {ATTRIBUTES = (Public, ); }; };
		6BBFA46E16939C480098826F /* MersenneTwister19937.hpp in Headers */ = {isa = PBXBuildFile; fileRef = 6BBFA44716939C480098826F /* MersenneTwister19937.hpp */; settings = {ATTRIBUTES = (Public, ); }; };
		6BBFA46F16939C480098826F /* MouseState.hpp in Headers */ = {isa = PBXBuildFile; fileRef = 6BBFA44816939C480098826F /* MouseState.hpp */; settings = {ATTRIBUTES = (Public, ); }; };
		6BBFA47016939C480098826F /* Mutex.hpp in Headers */ = {isa = PBXBuildFile; fileRef = 6BBFA44916939C480098826F /* Mutex.hpp */; settings = {ATTRIBUTES = (Public, ); }; };
		6BBFA47116939C480098826F /* Address32.hpp in Headers */ = {isa = PBXBuildFile; fileRef = 6BBFA44B16939C480098826F /* Address32.hpp */; settings = {ATTRIBUTES = (Public, ); }; };
		6BBFA47216939C480098826F /* Address32Query.hpp in Headers */ = {isa = PBXBuildFile; fileRef = 6BBFA44C16939C480098826F /* Address32Query.hpp */; settings = {ATTRIBUTES = (Public, ); }; };
		6BBFA47316939C480098826F /* Datagram32.hpp in Headers */ = {isa = PBXBuildFile; fileRef = 6BBFA44D16939C480098826F /* Datagram32.hpp */; settings = {ATTRIBUTES = (Public, ); }; };
		6BBFA47416939C480098826F /* Management.hpp in Headers */ = {isa = PBXBuildFile; fileRef = 6BBFA44E16939C480098826F /* Management.hpp */; settings = {ATTRIBUTES = (Public, ); }; };
		6BBFA47516939C480098826F /* Packet.hpp in Headers */ = {isa = PBXBuildFile; fileRef = 6BBFA44F16939C480098826F /* Packet.hpp */; settings = {ATTRIBUTES = (Public, ); }; };
		6BBFA47616939C480098826F /* Socket.hpp in Headers */ = {isa = PBXBuildFile; fileRef = 6BBFA45016939C480098826F /* Socket.hpp */; settings = {ATTRIBUTES = (Public, ); }; };
		6BBFA47716939C480098826F /* TcpListener.hpp in Headers */ = {isa = PBXBuildFile; fileRef = 6BBFA45116939C480098826F /* TcpListener.hpp */; settings = {ATTRIBUTES = (Public, ); }; };
		6BBFA47816939C480098826F /* TcpSocket.hpp in Headers */ = {isa = PBXBuildFile; fileRef = 6BBFA45216939C480098826F /* TcpSocket.hpp */; settings = {ATTRIBUTES = (Public, ); }; };
		6BBFA47916939C480098826F /* UdpSocket.hpp in Headers */ = {isa = PBXBuildFile; fileRef = 6BBFA45316939C480098826F /* UdpSocket.hpp */; settings = {ATTRIBUTES = (Public, ); }; };
		6BBFA47A16939C480098826F /* Base.hpp in Headers */ = {isa = PBXBuildFile; fileRef = 6BBFA45516939C480098826F /* Base.hpp */; settings = {ATTRIBUTES = (Public, ); }; };
		6BBFA47D16939C480098826F /* IndexBufferObject.hpp in Headers */ = {isa = PBXBuildFile; fileRef = 6BBFA45816939C480098826F /* IndexBufferObject.hpp */; settings = {ATTRIBUTES = (Public, ); }; };
		6BBFA47E16939C480098826F /* InterleavedBufferObject.hpp in Headers */ = {isa = PBXBuildFile; fileRef = 6BBFA45916939C480098826F /* InterleavedBufferObject.hpp */; settings = {ATTRIBUTES = (Public, ); }; };
		6BBFA47F16939C480098826F /* Program.hpp in Headers */ = {isa = PBXBuildFile; fileRef = 6BBFA45A16939C480098826F /* Program.hpp */; settings = {ATTRIBUTES = (Public, ); }; };
		6BBFA48016939C480098826F /* Shader.hpp in Headers */ = {isa = PBXBuildFile; fileRef = 6BBFA45B16939C480098826F /* Shader.hpp */; settings = {ATTRIBUTES = (Public, ); }; };
		6BBFA48216939C480098826F /* Platform.hpp in Headers */ = {isa = PBXBuildFile; fileRef = 6BBFA45D16939C480098826F /* Platform.hpp */; settings = {ATTRIBUTES = (Public, ); }; };
		6BBFA48316939C480098826F /* StreamExtensions.hpp in Headers */ = {isa = PBXBuildFile; fileRef = 6BBFA45F16939C480098826F /* StreamExtensions.hpp */; settings = {ATTRIBUTES = (Public, ); }; };
		6BBFA48416939C480098826F /* Stopwatch.hpp in Headers */ = {isa = PBXBuildFile; fileRef = 6BBFA46016939C480098826F /* Stopwatch.hpp */; settings = {ATTRIBUTES = (Public, ); }; };
		6BBFA48516939C480098826F /* System.hpp in Headers */ = {isa = PBXBuildFile; fileRef = 6BBFA46116939C480098826F /* System.hpp */; settings = {ATTRIBUTES = (Public, ); }; };
		6BBFA48616939C480098826F /* Thread.hpp in Headers */ = {isa = PBXBuildFile; fileRef = 6BBFA46216939C480098826F /* Thread.hpp */; settings = {ATTRIBUTES = (Public, ); }; };
		6BBFA48716939C480098826F /* TimeSpan.hpp in Headers */ = {isa = PBXBuildFile; fileRef = 6BBFA46316939C480098826F /* TimeSpan.hpp */; settings = {ATTRIBUTES = (Public, ); }; };
		6BBFA48816939C480098826F /* Window.hpp in Headers */ = {isa = PBXBuildFile; fileRef = 6BBFA46416939C480098826F /* Window.hpp */; settings = {ATTRIBUTES = (Public, ); }; };
		6BBFA48916939C480098826F /* WindowState.hpp in Headers */ = {isa = PBXBuildFile; fileRef = 6BBFA46516939C480098826F /* WindowState.hpp */; settings = {ATTRIBUTES = (Public, ); }; };
		6BBFA4BB16939C570098826F /* Address32.cpp in Sources */ = {isa = PBXBuildFile; fileRef = 6BBFA48B16939C570098826F /* Address32.cpp */; };
		6BBFA4BC16939C570098826F /* Address32Query.cpp in Sources */ = {isa = PBXBuildFile; fileRef = 6BBFA48C16939C570098826F /* Address32Query.cpp */; };
		6BBFA4BD16939C570098826F /* Base.cpp in Sources */ = {isa = PBXBuildFile; fileRef = 6BBFA48D16939C570098826F /* Base.cpp */; };
		6BBFA4BE16939C570098826F /* Datagram32.cpp in Sources */ = {isa = PBXBuildFile; fileRef = 6BBFA48E16939C570098826F /* Datagram32.cpp */; };
		6BBFA4BF16939C570098826F /* DateTime.cpp in Sources */ = {isa = PBXBuildFile; fileRef = 6BBFA48F16939C570098826F /* DateTime.cpp */; };
		6BBFA4C016939C570098826F /* Event.cpp in Sources */ = {isa = PBXBuildFile; fileRef = 6BBFA49016939C570098826F /* Event.cpp */; };
		6BBFA4C116939C570098826F /* EventBatch.hpp in Headers */ = {isa = PBXBuildFile; fileRef = 6BBFA49116939C570098826F /* EventBatch.hpp */; };
		6BBFA4C316939C570098826F /* IndexBufferObject.cpp in Sources */ = {isa = PBXBuildFile; fileRef = 6BBFA49316939C570098826F /* IndexBufferObject.cpp */; };
		6BBFA4C416939C570098826F /* InterleavedBufferObject.cpp in Sources */ = {isa = PBXBuildFile; fileRef = 6BBFA49416939C570098826F /* InterleavedBufferObject.cpp */; };
		6BBFA4CA16939C570098826F /* MersenneTwister19937.cpp in Sources */ = {isa = PBXBuildFile; fileRef = 6BBFA49B16939C570098826F /* MersenneTwister19937.cpp */; };
		6BBFA4CB16939C570098826F /* MouseState.cpp in Sources */ = {isa = PBXBuildFile; fileRef = 6BBFA49C16939C570098826F /* MouseState.cpp */; };
		6BBFA4CC16939C570098826F /* Network.hpp in Headers */ = {isa = PBXBuildFile; fileRef = 6BBFA49D16939C570098826F /* Network.hpp */; };
		6BBFA4CD16939C570098826F /* NativeTimers.cpp in Sources */ = {isa = PBXBuildFile; fileRef = 6BBFA49F16939C570098826F /* NativeTimers.cpp */; };
		6BBFA4CE16939C570098826F /* Packet.cpp in Sources */ = {isa = PBXBuildFile; fileRef = 6BBFA4A016939C570098826F /* Packet.cpp */; };
		6BBFA4CF16939C570098826F /* Program.cpp in Sources */ = {isa = PBXBuildFile; fileRef = 6BBFA4A116939C570098826F /* Program.cpp */; };
		6BBFA4D016939C570098826F /* Shader.cpp in Sources */ = {isa = PBXBuildFile; fileRef = 6BBFA4A216939C570098826F /* Shader.cpp */; };
		6BBFA4D116939C570098826F /* Socket.cpp in Sources */ = {isa = PBXBuildFile; fileRef = 6BBFA4A316939C570098826F /* Socket.cpp */; };
		6BBFA4D216939C570098826F /* Stopwatch.cpp in Sources */ = {isa = PBXBuildFile; fileRef = 6BBFA4A416939C570098826F /* Stopwatch.cpp */; };
		6BBFA4D316939C570098826F /* TcpListener.cpp in Sources */ = {isa = PBXBuildFile; fileRef = 6BBFA4A516939C570098826F /* TcpListener.cpp */; };
		6BBFA4D416939C570098826F /* TcpListenerMeta.hpp in Headers */ = {isa = PBXBuildFile; fileRef = 6BBFA4A616939C570098826F /* TcpListenerMeta.hpp */; };
		6BBFA4D516939C570098826F /* TcpSocket.cpp in Sources */ = {isa = PBXBuildFile; fileRef = 6BBFA4A716939C570098826F /* TcpSocket.cpp */; };
		6BBFA4D616939C570098826F /* TickSpans.hpp in Headers */ = {isa = PBXBuildFile; fileRef = 6BBFA4A816939C570098826F /* TickSpans.hpp */; };
		6BBFA4D716939C570098826F /* TimeSpan.cpp in Sources */ = {isa = PBXBuildFile; fileRef = 6BBFA4A916939C570098826F /* TimeSpan.cpp */; };
		6BBFA4D816939C570098826F /* UdpSocket.cpp in Sources */ = {isa = PBXBuildFile; fileRef = 6BBFA4AA16939C570098826F /* UdpSocket.cpp */; };
		6BBFA4D916939C570098826F /* Management.cpp in Sources */ = {isa = PBXBuildFile; fileRef = 6BBFA4AC16939C570098826F /* Management.cpp */; };
		6BBFA4DA16939C570098826F /* Mutex.cpp in Sources */ = {isa = PBXBuildFile; fileRef = 6BBFA4AD16939C570098826F /* Mutex.cpp */; };
		6BBFA4DB16939C570098826F /* Network.cpp in Sources */ = {isa = PBXBuildFile; fileRef = 6BBFA4AE16939C570098826F /* Network.cpp */; };
		6BBFA4DC16939C570098826F /* Thread.cpp in Sources */ = {isa = PBXBuildFile; fileRef = 6BBFA4AF16939C570098826F /* Thread.cpp */; };
		6BBFA4E616939C570098826F /* WindowState.cpp in Sources */ = {isa = PBXBuildFile; fileRef = 6BBFA4BA16939C570098826F /* WindowState.cpp */; };
		6BBFA4EC1693A3170098826F /* OpenGL.framework in Frameworks */ = {isa = PBXBuildFile; fileRef = 6BBFA4EB1693A3170098826F /* OpenGL.framework */; };
/* End PBXBuildFile section */

/* Begin PBXFileReference section */
		6BBFA42516939BF70098826F /* XPG.framework */ = {isa = PBXFileReference; explicitFileType = wrapper.framework; includeInIndex = 0; path = XPG.framework; sourceTree = BUILT_PRODUCTS_DIR; };
		6BBFA42816939BF70098826F /* Cocoa.framework */ = {isa = PBXFileReference; lastKnownFileType = wrapper.framework; name = Cocoa.framework; path = System/Library/Frameworks/Cocoa.framework; sourceTree = SDKROOT; };
		6BBFA42B16939BF70098826F /* AppKit.framework */ = {isa = PBXFileReference; lastKnownFileType = wrapper.framework; name = AppKit.framework; path = System/Library/Frameworks/AppKit.framework; sourceTree = SDKROOT; };
		6BBFA42C16939BF70098826F /* CoreData.framework */ = {isa = PBXFileReference; lastKnownFileType = wrapper.framework; name = CoreData.framework; path = System/Library/Frameworks/CoreData.framework; sourceTree = SDKROOT; };
		6BBFA42D16939BF70098826F /* Foundation.framework */ = {isa = PBXFileReference; lastKnownFileType = wrapper.framework; name = Foundation.framework; path = System/Library/Frameworks/Foundation.framework; sourceTree = SDKROOT; };
		6BBFA43016939BF70098826F /* XPG-Info.plist */ = {isa = PBXFileReference; lastKnownFileType = text.plist.xml; path = "XPG-Info.plist"; sourceTree = "<group>"; };
		6BBFA43216939BF70098826F /* en */ = {isa = PBXFileReference; lastKnownFileType = text.plist.strings; name = en; path = en.lproj/InfoPlist.strings; sourceTree = "<group>"; };
		6BBFA43416939BF70098826F /* XPG-Prefix.pch */ = {isa = PBXFileReference; lastKnownFileType = sourcecode.c.h; path = "XPG-Prefix.pch"; sourceTree = "<group>"; };
		6BBFA43516939BF70098826F /* XPG.h */ = {isa = PBXFileReference; lastKnownFileType = sourcecode.c.h; path = XPG.h; sourceTree = "<group>"; };
		6BBFA43616939BF70098826F /* XPG.m */ = {isa = PBXFileReference; lastKnownFileType = sourcecode.c.objc; path = XPG.m; sourceTree = "<group>"; };
		6BBFA43F16939C480098826F /* Application.hpp */ = {isa = PBXFileReference; fileEncoding = 4; lastKnownFileType = sourcecode.cpp.h; path = Application.hpp; sourceTree = "<group>"; };
		6BBFA44016939C480098826F /* Array.hpp */ = {isa = PBXFileReference; fileEncoding = 4; lastKnownFileType = sourcecode.cpp.h; path = Array.hpp; sourceTree = "<group>"; };
		6BBFA44116939C480098826F /* Clock.hpp */ = {isa = PBXFileReference; fileEncoding = 4; lastKnownFileType = sourcecode.cpp.h; path = Clock.hpp; sourceTree = "<group>"; };
		6BBFA44216939C480098826F /* DataTypes.hpp */ = {isa = PBXFileReference; fileEncoding = 4; lastKnownFileType = sourcecode.cpp.h; path = DataTypes.hpp; sourceTree = "<group>"; };
		6BBFA44316939C480098826F /* DateTime.hpp */ = {isa = PBXFileReference; fileEncoding = 4; lastKnownFileType = sourcecode.cpp.h; path = DateTime.hpp; sourceTree = "<group>"; };
		6BBFA44416939C480098826F /* Event.hpp */ = {isa = PBXFileReference; fileEncoding = 4; lastKnownFileType = sourcecode.cpp.h; path = Event.hpp; sourceTree = "<group>"; };
		6BBFA44516939C480098826F /* Key.hpp */ = {isa = PBXFileReference; fileEncoding = 4; lastKnownFileType = sourcecode.cpp.h; path = Key.hpp; sourceTree = "<group>"; };
		6BBFA44616939C480098826F /* Matrix4x4.hpp */ = {isa = PBXFileReference; fileEncoding = 4; lastKnownFileType = sourcecode.cpp.h; path = Matrix4x4.hpp; sourceTree = "<group>"; };
		6BBFA44716939C480098826F /* MersenneTwister19937.hpp */ = {isa = PBXFileReference; fileEncoding = 4; lastKnownFileType = sourcecode.cpp.h; path = MersenneTwister19937.hpp; sourceTree = "<group>"; };
		6BBFA44816939C480098826F /* MouseState.hpp */ = {isa = PBXFileReference; fileEncoding = 4; lastKnownFileType = sourcecode.cpp.h; path = MouseState.hpp; sourceTree = "<group>"; };
		6BBFA44916939C480098826F /* Mutex.hpp */ = {isa = PBXFileReference; fileEncoding = 4; lastKnownFileType = sourcecode.cpp.h; path = Mutex.hpp; sourceTree = "<group>"; };
		6BBFA44B16939C480098826F /* Address32.hpp */ = {isa = PBXFileReference; fileEncoding = 4; lastKnownFileType = sourcecode.cpp.h; path = Address32.hpp; sourceTree = "<group>"; };
		6BBFA44C16939C480098826F /* Address32Query.hpp */ = {isa = PBXFileReference; fileEncoding = 4; lastKnownFileType = sourcecode.cpp.h; path = Address32Query.hpp; sourceTree = "<group>"; };
		6BBFA44D16939C480098826F /* Datagram32.hpp */ = {isa = PBXFileReference; fileEncoding = 4; lastKnownFileType = sourcecode.cpp.h; path = Datagram32.hpp; sourceTree = "<group>"; };
		6BBFA44E16939C480098826F /* Management.hpp */ = {isa = PBXFileReference; fileEncoding = 4; lastKnownFileType = sourcecode.cpp.h; path = Management.hpp; sourceTree = "<group>"; };
		6BBFA44F16939C480098826F /* Packet.hpp */ = {isa = PBXFileReference; fileEncoding = 4; lastKnownFileType = sourcecode.cpp.h; path = Packet.hpp; sourceTree = "<group>"; };
		6BBFA45016939C480098826F /* Socket.hpp */ = {isa = PBXFileReference; fileEncoding = 4; lastKnownFileType = sourcecode.cpp.h; path = Socket.hpp; sourceTree = "<group>"; };
		6BBFA45116939C480098826F /* TcpListener.hpp */ = {isa = PBXFileReference; fileEncoding = 4; lastKnownFileType = sourcecode.cpp.h; path = TcpListener.hpp; sourceTree = "<group>"; };
		6BBFA45216939C480098826F /* TcpSocket.hpp */ = {isa = PBXFileReference; fileEncoding = 4; lastKnownFileType = sourcecode.cpp.h; path = TcpSocket.hpp; sourceTree = "<group>"; };
		6BBFA45316939C480098826F /* UdpSocket.hpp */ = {isa = PBXFileReference; fileEncoding = 4; lastKnownFileType = sourcecode.cpp.h; path = UdpSocket.hpp; sourceTree = "<group>"; };
		6BBFA45516939C480098826F /* Base.hpp */ = {isa = PBXFileReference; fileEncoding = 4; lastKnownFileType = sourcecode.cpp.h; path = Base.hpp; sourceTree = "<group>"; };
		6BBFA45816939C480098826F /* IndexBufferObject.hpp */ = {isa = PBXFileReference; fileEncoding = 4; lastKnownFileType = sourcecode.cpp.h; path = IndexBufferObject.hpp; sourceTree = "<group>"; };
		6BBFA45916939C480098826F /* InterleavedBufferObject.hpp */ = {isa = PBXFileReference; fileEncoding = 4; lastKnownFileType = sourcecode.cpp.h; path = InterleavedBufferObject.hpp; sourceTree = "<group>"; };
		6BBFA45A16939C480098826F /* Program.hpp */ = {isa = PBXFileReference; fileEncoding = 4; lastKnownFileType = sourcecode.cpp.h; path = Program.hpp; sourceTree = "<group>"; };
		6BBFA45B16939C480098826F /* Shader.hpp */ = {isa = PBXFileReference; fileEncoding = 4; lastKnownFileType = sourcecode.cpp.h; path = Shader.hpp; sourceTree = "<group>"; };
		6BBFA45D16939C480098826F /* Platform.hpp */ = {isa = PBXFileReference; fileEncoding = 4; lastKnownFileType = sourcecode.cpp.h; path = Platform.hpp; sourceTree = "<group>"; };
		6BBFA45F16939C480098826F /* StreamExtensions.hpp */ = {isa = PBXFileReference; fileEncoding = 4; lastKnownFileType = sourcecode.cpp.h; path = StreamExtensions.hpp; sourceTree = "<group>"; };
		6BBFA46016939C480098826F /* Stopwatch.hpp */ = {isa = PBXFileReference; fileEncoding = 4; lastKnownFileType = sourcecode.cpp.h; path = Stopwatch.hpp; sourceTree = "<group>"; };
		6BBFA46116939C480098826F /* System.hpp */ = {isa = PBXFileReference; fileEncoding = 4; lastKnownFileType = sourcecode.cpp.h; path = System.hpp; sourceTree = "<group>"; };
		6BBFA46216939C480098826F /* Thread.hpp */ = {isa = PBXFileReference; fileEncoding = 4; lastKnownFileType = sourcecode.cpp.h; path = Thread.hpp; sourceTree = "<group>"; };
		6BBFA46316939C480098826F /* TimeSpan.hpp */ = {isa = PBXFileReference; fileEncoding = 4; lastKnownFileType = sourcecode.cpp.h; path = TimeSpan.hpp; sourceTree = "<group>"; };
		6BBFA46416939C480098826F /* Window.hpp */ = {isa = PBXFileReference; fileEncoding = 4; lastKnownFileType = sourcecode.cpp.h; path = Window.hpp; sourceTree = "<group>"; };
		6BBFA46516939C480098826F /* WindowState.hpp */ = {isa = PBXFileReference; fileEncoding = 4; lastKnownFileType = sourcecode.cpp.h; path = WindowState.hpp; sourceTree = "<group>"; };
		6BBFA48B16939C570098826F /* Address32.cpp */ = {isa = PBXFileReference; fileEncoding = 4; lastKnownFileType = sourcecode.cpp.cpp; path = Address32.cpp; sourceTree = "<group>"; };
		6BBFA48C16939C570098826F /* Address32Query.cpp */ = {isa = PBXFileReference; fileEncoding = 4; lastKnownFileType = sourcecode.cpp.cpp; path = Address32Query.cpp; sourceTree = "<group>"; };
		6BBFA48D16939C570098826F /* Base.cpp */ = {isa = PBXFileReference; fileEncoding = 4; lastKnownFileType = sourcecode.cpp.cpp; path = Base.cpp; sourceTree = "<group>"; };
		6BBFA48E16939C570098826F /* Datagram32.cpp */ = {isa = PBXFileReference; fileEncoding = 4; lastKnownFileType = sourcecode.cpp.cpp; path = Datagram32.cpp; sourceTree = "<group>"; };
		6BBFA48F16939C570098826F /* DateTime.cpp */ = {isa = PBXFileReference; fileEncoding = 4; lastKnownFileType = sourcecode.cpp.cpp; path = DateTime.cpp; sourceTree = "<group>"; };
		6BBFA49016939C570098826F /* Event.cpp */ = {isa = PBXFileReference; fileEncoding = 4; lastKnownFileType = sourcecode.cpp.cpp; path = Event.cpp; sourceTree = "<group>"; };
		6BBFA49116939C570098826F /* EventBatch.hpp */ = {isa = PBXFileReference; fileEncoding = 4; lastKnownFileType = sourcecode.cpp.h; path = EventBatch.hpp; sourceTree = "<group>"; };
		6BBFA49316939C570098826F /* IndexBufferObject.cpp */ = {isa = PBXFileReference; fileEncoding = 4; lastKnownFileType = sourcecode.cpp.cpp; path = IndexBufferObject.cpp; sourceTree = "<group>"; };
		6BBFA49416939C570098826F /* InterleavedBufferObject.cpp */ = {isa = PBXFileReference; fileEncoding = 4; lastKnownFileType = sourcecode.cpp.cpp; path = InterleavedBufferObject.cpp; sourceTree = "<group>"; };
		6BBFA49B16939C570098826F /* MersenneTwister19937.cpp */ = {isa = PBXFileReference; fileEncoding = 4; lastKnownFileType = sourcecode.cpp.cpp; path = MersenneTwister19937.cpp; sourceTree = "<group>"; };
		6BBFA49C16939C570098826F /* MouseState.cpp */ = {isa = PBXFileReference; fileEncoding = 4; lastKnownFileType = sourcecode.cpp.cpp; path = MouseState.cpp; sourceTree = "<group>"; };
		6BBFA49D16939C570098826F /* Network.hpp */ = {isa = PBXFileReference; fileEncoding = 4; lastKnownFileType = sourcecode.cpp.h; path = Network.hpp; sourceTree = "<group>"; };
		6BBFA49F16939C570098826F /* NativeTimers.cpp */ = {isa = PBXFileReference; fileEncoding = 4; lastKnownFileType = sourcecode.cpp.cpp; path = NativeTimers.cpp; sourceTree = "<group>"; };
		6BBFA4A016939C570098826F /* Packet.cpp */ = {isa = PBXFileReference; fileEncoding = 4; lastKnownFileType = sourcecode.cpp.cpp; path = Packet.cpp; sourceTree = "<group>"; };
		6BBFA4A116939C570098826F /* Program.cpp */ = {isa = PBXFileReference; fileEncoding = 4; lastKnownFileType = sourcecode.cpp.cpp; path = Program.cpp; sourceTree = "<group>"; };
		6BBFA4A216939C570098826F /* Shader.cpp */ = {isa = PBXFileReference; fileEncoding = 4; lastKnownFileType = sourcecode.cpp.cpp; path = Shader.cpp; sourceTree = "<group>"; };
		6BBFA4A316939C570098826F /* Socket.cpp */ = {isa = PBXFileReference; fileEncoding = 4; lastKnownFileType = sourcecode.cpp.cpp; path = Socket.cpp; sourceTree = "<group>"; };
		6BBFA4A416939C570098826F /* Stopwatch.cpp */ = {isa = PBXFileReference; fileEncoding = 4; lastKnownFileType = sourcecode.cpp.cpp; path = Stopwatch.cpp; sourceTree = "<group>"; };
		6BBFA4A516939C570098826F /* TcpListener.cpp */ = {isa = PBXFileReference; fileEncoding = 4; lastKnownFileType = sourcecode.cpp.cpp; path = TcpListener.cpp; sourceTree = "<group>"; };
		6BBFA4A616939C570098826F /* TcpListenerMeta.hpp */ = {isa = PBXFileReference; fileEncoding = 4; lastKnownFileType = sourcecode.cpp.h; path = TcpListenerMeta.hpp; sourceTree = "<group>"; };
		6BBFA4A716939C570098826F /* TcpSocket.cpp */ = {isa = PBXFileReference; fileEncoding = 4; lastKnownFileType = sourcecode.cpp.cpp; path = TcpSocket.cpp; sourceTree = "<group>"; };
		6BBFA4A816939C570098826F /* TickSpans.hpp */ = {isa = PBXFileReference; fileEncoding = 4; lastKnownFileType = sourcecode.cpp.h; path = TickSpans.hpp; sourceTree = "<group>"; };
		6BBFA4A916939C570098826F /* TimeSpan.cpp */ = {isa = PBXFileReference; fileEncoding = 4; lastKnownFileType = sourcecode.cpp.cpp; path = TimeSpan.cpp; sourceTree = "<group>"; };
		6BBFA4AA16939C570098826F /* UdpSocket.cpp */ = {isa = PBXFileReference; fileEncoding = 4; lastKnownFileType = sourcecode.cpp.cpp; path = UdpSocket.cpp; sourceTree = "<group>"; };
		6BBFA4AC16939C570098826F /* Management.cpp */ = {isa = PBXFileReference; fileEncoding = 4; lastKnownFileType = sourcecode.cpp.cpp; path = Management.cpp; sourceTree = "<group>"; };
		6BBFA4AD16939C570098826F /* Mutex.cpp */ = {isa = PBXFileReference; fileEncoding = 4; lastKnownFileType = sourcecode.cpp.cpp; path = Mutex.cpp; sourceTree = "<group>"; };
		6BBFA4AE16939C570098826F /* Network.cpp */ = {isa = PBXFileReference; fileEncoding = 4; lastKnownFileType = sourcecode.cpp.cpp; path = Network.cpp; sourceTree = "<group>"; };
		6BBFA4AF16939C570098826F /* Thread.cpp */ = {isa = PBXFileReference; fileEncoding = 4; lastKnownFileType = sourcecode.cpp.cpp; path = Thread.cpp; sourceTree = "<group>"; };
		6BBFA4BA16939C570098826F /* WindowState.cpp */ = {isa = PBXFileReference; fileEncoding = 4; lastKnownFileType = sourcecode.cpp.cpp; path = WindowState.cpp; sourceTree = "<group>"; };
		6BBFA4EB1693A3170098826F /* OpenGL.framework */ = {isa = PBXFileReference; lastKnownFileType = wrapper.framework; name = OpenGL.framework; path = /System/Library/Frameworks/OpenGL.framework; sourceTree = "<absolute>"; };
/* End PBXFileReference section */

/* Begin PBXFrameworksBuildPhase section */
		6BBFA42116939BF70098826F /* Frameworks */ = {
			isa = PBXFrameworksBuildPhase;
			buildActionMask = 2147483647;
			files = (
				6BBFA42916939BF70098826F /* Cocoa.framework in Frameworks */,
				6BBFA4EC1693A3170098826F /* OpenGL.framework in Frameworks */,
			);
			runOnlyForDeploymentPostprocessing = 0;
		};
/* End PBXFrameworksBuildPhase section */

/* Begin PBXGroup section */
		6BBFA41916939BF70098826F = {
			isa = PBXGroup;
			children = (
				6BBFA42E16939BF70098826F /* XPG */,
				6BBFA42716939BF70098826F /* Frameworks */,
				6BBFA42616939BF70098826F /* Products */,
			);
			sourceTree = "<group>";
		};
		6BBFA42616939BF70098826F /* Products */ = {
			isa = PBXGroup;
			children = (
				6BBFA42516939BF70098826F /* XPG.framework */,
			);
			name = Products;
			sourceTree = "<group>";
		};
		6BBFA42716939BF70098826F /* Frameworks */ = {
			isa = PBXGroup;
			children = (
				6BBFA4EB1693A3170098826F /* OpenGL.framework */,
				6BBFA42816939BF70098826F /* Cocoa.framework */,
				6BBFA42A16939BF70098826F /* Other Frameworks */,
			);
			name = Frameworks;
			sourceTree = "<group>";
		};
		6BBFA42A16939BF70098826F /* Other Frameworks */ = {
			isa = PBXGroup;
			children = (
				6BBFA42B16939BF70098826F /* AppKit.framework */,
				6BBFA42C16939BF70098826F /* CoreData.framework */,
				6BBFA42D16939BF70098826F /* Foundation.framework */,
			);
			name = "Other Frameworks";
			sourceTree = "<group>";
		};
		6BBFA42E16939BF70098826F /* XPG */ = {
			isa = PBXGroup;
			children = (
				6BBFA48A16939C570098826F /* source */,
				6BBFA43D16939C480098826F /* include */,
				6BBFA43516939BF70098826F /* XPG.h */,
				6BBFA43616939BF70098826F /* XPG.m */,
				6BBFA42F16939BF70098826F /* Supporting Files */,
			);
			path = XPG;
			sourceTree = "<group>";
		};
		6BBFA42F16939BF70098826F /* Supporting Files */ = {
			isa = PBXGroup;
			children = (
				6BBFA43016939BF70098826F /* XPG-Info.plist */,
				6BBFA43116939BF70098826F /* InfoPlist.strings */,
				6BBFA43416939BF70098826F /* XPG-Prefix.pch */,
			);
			name = "Supporting Files";
			sourceTree = "<group>";
		};
		6BBFA43D16939C480098826F /* include */ = {
			isa = PBXGroup;
			children = (
				6BBFA43E16939C480098826F /* XPG */,
			);
			name = include;
			path = ../../../include;
			sourceTree = "<group>";
		};
		6BBFA43E16939C480098826F /* XPG */ = {
			isa = PBXGroup;
			children = (
				6BBFA43F16939C480098826F /* Application.hpp */,
				6BBFA44016939C480098826F /* Array.hpp */,
				6BBFA44116939C480098826F /* Clock.hpp */,
				6BBFA44216939C480098826F /* DataTypes.hpp */,
				6BBFA44316939C480098826F /* DateTime.hpp */,
				6BBFA44416939C480098826F /* Event.hpp */,
				6BBFA44516939C480098826F /* Key.hpp */,
				6BBFA44616939C480098826F /* Matrix4x4.hpp */,
				6BBFA44716939C480098826F /* MersenneTwister19937.hpp */,
				6BBFA44816939C480098826F /* MouseState.hpp */,
				6BBFA44916939C480098826F /* Mutex.hpp */,
				6BBFA44A16939C480098826F /* Network */,
				6BBFA45416939C480098826F /* OpenGL */,
				6BBFA45D16939C480098826F /* Platform.hpp */,
				6BBFA45E16939C480098826F /* STL */,
				6BBFA46016939C480098826F /* Stopwatch.hpp */,
				6BBFA46116939C480098826F /* System.hpp */,
				6BBFA46216939C480098826F /* Thread.hpp */,
				6BBFA46316939C480098826F /* TimeSpan.hpp */,
				6BBFA46416939C480098826F /* Window.hpp */,
				6BBFA46516939C480098826F /* WindowState.hpp */,
			);
			path = XPG;
			sourceTree = "<group>";
		};
		6BBFA44A16939C480098826F /* Network */ = {
			isa = PBXGroup;
			children = (
				6BBFA44B16939C480098826F /* Address32.hpp */,
				6BBFA44C16939C480098826F /* Address32Query.hpp */,
				6BBFA44D16939C480098826F /* Datagram32.hpp */,
				6BBFA44E16939C480098826F /* Management.hpp */,
				6BBFA44F16939C480098826F /* Packet.hpp */,
				6BBFA45016939C480098826F /* Socket.hpp */,
				6BBFA45116939C480098826F /* TcpListener.hpp */,
				6BBFA45216939C480098826F /* TcpSocket.hpp */,
				6BBFA45316939C480098826F /* UdpSocket.hpp */,
			);
			path = Network;
			sourceTree = "<group>";
		};
		6BBFA45416939C480098826F /* OpenGL */ = {
			isa = PBXGroup;
			children = (
				6BBFA45516939C480098826F /* Base.hpp */,
				6BBFA45816939C480098826F /* IndexBufferObject.hpp */,
				6BBFA45916939C480098826F /* InterleavedBufferObject.hpp */,
				6BBFA45A16939C480098826F /* Program.hpp */,
				6BBFA45B16939C480098826F /* Shader.hpp */,
			);
			path = OpenGL;
			sourceTree = "<group>";
		};
		6BBFA45E16939C480098826F /* STL */ = {
			isa = PBXGroup;
			children = (
				6BBFA45F16939C480098826F /* StreamExtensions.hpp */,
			);
			path = STL;
			sourceTree = "<group>";
		};
		6BBFA48A16939C570098826F /* source */ = {
			isa = PBXGroup;
			children = (
				6BBFA48B16939C570098826F /* Address32.cpp */,
				6BBFA48C16939C570098826F /* Address32Query.cpp */,
				6BBFA48D16939C570098826F /* Base.cpp */,
				6BBFA48E16939C570098826F /* Datagram32.cpp */,
				6BBFA48F16939C570098826F /* DateTime.cpp */,
				6BBFA49016939C570098826F /* Event.cpp */,
				6BBFA49116939C570098826F /* EventBatch.hpp */,
				6BBFA49316939C570098826F /* IndexBufferObject.cpp */,
				6BBFA49416939C570098826F /* InterleavedBufferObject.cpp */,
				6BBFA49B16939C570098826F /* MersenneTwister19937.cpp */,
				6BBFA49C16939C570098826F /* MouseState.cpp */,
				6BBFA49D16939C570098826F /* Network.hpp */,
				6BBFA49E16939C570098826F /* osx */,
				6BBFA4A016939C570098826F /* Packet.cpp */,
				6BBFA4A116939C570098826F /* Program.cpp */,
				6BBFA4A216939C570098826F /* Shader.cpp */,
				6BBFA4A316939C570098826F /* Socket.cpp */,
				6BBFA4A416939C570098826F /* Stopwatch.cpp */,
				6BBFA4A516939C570098826F /* TcpListener.cpp */,
				6BBFA4A616939C570098826F /* TcpListenerMeta.hpp */,
				6BBFA4A716939C570098826F /* TcpSocket.cpp */,
				6BBFA4A816939C570098826F /* TickSpans.hpp */,
				6BBFA4A916939C570098826F /* TimeSpan.cpp */,
				6BBFA4AA16939C570098826F /* UdpSocket.cpp */,
				6BBFA4AB16939C570098826F /* unix */,
				6BBFA4BA16939C570098826F /* WindowState.cpp */,
			);
			name = source;
			path = ../../../source;
			sourceTree = "<group>";
		};
		6BBFA49E16939C570098826F /* osx */ = {
			isa = PBXGroup;
			children = (
				6BBFA49F16939C570098826F /* NativeTimers.cpp */,
			);
			path = osx;
			sourceTree = "<group>";
		};
		6BBFA4AB16939C570098826F /* unix */ = {
			isa = PBXGroup;
			children = (
				6BBFA4AC16939C570098826F /* Management.cpp */,
				6BBFA4AD16939C570098826F /* Mutex.cpp */,
				6BBFA4AE16939C570098826F /* Network.cpp */,
				6BBFA4AF16939C570098826F /* Thread.cpp */,
			);
			path = unix;
			sourceTree = "<group>";
		};
/* End PBXGroup section */

/* Begin PBXHeadersBuildPhase section */
		6BBFA42216939BF70098826F /* Headers */ = {
			isa = PBXHeadersBuildPhase;
			buildActionMask = 2147483647;
			files = (
				6BBFA46716939C480098826F /* Array.hpp in Headers */,
				6BBFA46816939C480098826F /* Clock.hpp in Headers */,
				6BBFA46916939C480098826F /* DataTypes.hpp in Headers */,
				6BBFA46A16939C480098826F /* DateTime.hpp in Headers */,
				6BBFA46B16939C480098826F /* Event.hpp in Headers */,
				6BBFA46C16939C480098826F /* Key.hpp in Headers */,
				6BBFA46D16939C480098826F /* Matrix4x4.hpp in Headers */,
				6BBFA46E16939C480098826F /* MersenneTwister19937.hpp in Headers */,
				6BBFA46F16939C480098826F /* MouseState.hpp in Headers */,
				6BBFA47016939C480098826F /* Mutex.hpp in Headers */,
				6BBFA47116939C480098826F /* Address32.hpp in Headers */,
				6BBFA47216939C480098826F /* Address32Query.hpp in Headers */,
				6BBFA47316939C480098826F /* Datagram32.hpp in Headers */,
				6BBFA47416939C480098826F /* Management.hpp in Headers */,
				6BBFA47516939C480098826F /* Packet.hpp in Headers */,
				6BBFA47616939C480098826F /* Socket.hpp in Headers */,
				6BBFA47716939C480098826F /* TcpListener.hpp in Headers */,
				6BBFA47816939C480098826F /* TcpSocket.hpp in Headers */,
				6BBFA47916939C480098826F /* UdpSocket.hpp in Headers */,
				6BBFA47A16939C480098826F /* Base.hpp in Headers */,
				6BBFA47D16939C480098826F /* IndexBufferObject.hpp in Headers */,
				6BBFA47E16939C480098826F /* InterleavedBufferObject.hpp in Headers */,
				6BBFA47F16939C480098826F /* Program.hpp in Headers */,
				6BBFA48016939C480098826F /* Shader.hpp in Headers */,
				6BBFA48216939C480098826F /* Platform.hpp in Headers */,
				6BBFA48316939C480098826F /* StreamExtensions.hpp in Headers */,
				6BBFA48416939C480098826F /* Stopwatch.hpp in Headers */,
				6BBFA48516939C480098826F /* System.hpp in Headers */,
				6BBFA48616939C480098826F /* Thread.hpp in Headers */,
				6BBFA48716939C480098826F /* TimeSpan.hpp in Headers */,
				6BBFA48816939C480098826F /* Window.hpp in Headers */,
				6BBFA48916939C480098826F /* WindowState.hpp in Headers */,
				6BBFA4C116939C570098826F /* EventBatch.hpp in Headers */,
				6BBFA4CC16939C570098826F /* Network.hpp in Headers */,
				6BBFA4D416939C570098826F /* TcpListenerMeta.hpp in Headers */,
				6BBFA4D616939C570098826F /* TickSpans.hpp in Headers */,
			);
			runOnlyForDeploymentPostprocessing = 0;
		};
/* End PBXHeadersBuildPhase section */

/* Begin PBXNativeTarget section */
		6BBFA42416939BF70098826F /* XPG */ = {
			isa = PBXNativeTarget;
			buildConfigurationList = 6BBFA43A16939BF70098826F /* Build configuration list for PBXNativeTarget "XPG" */;
			buildPhases = (
				6BBFA42016939BF70098826F /* Sources */,
				6BBFA42116939BF70098826F /* Frameworks */,
				6BBFA42216939BF70098826F /* Headers */,
				6BBFA42316939BF70098826F /* Resources */,
			);
			buildRules = (
			);
			dependencies = (
			);
			name = XPG;
			productName = XPG;
			productReference = 6BBFA42516939BF70098826F /* XPG.framework */;
			productType = "com.apple.product-type.framework";
		};
/* End PBXNativeTarget section */

/* Begin PBXProject section */
		6BBFA41B16939BF70098826F /* Project object */ = {
			isa = PBXProject;
			attributes = {
				LastUpgradeCheck = 0430;
			};
			buildConfigurationList = 6BBFA41E16939BF70098826F /* Build configuration list for PBXProject "XPG" */;
			compatibilityVersion = "Xcode 3.2";
			developmentRegion = English;
			hasScannedForEncodings = 0;
			knownRegions = (
				en,
			);
			mainGroup = 6BBFA41916939BF70098826F;
			productRefGroup = 6BBFA42616939BF70098826F /* Products */;
			projectDirPath = "";
			projectRoot = "";
			targets = (
				6BBFA42416939BF70098826F /* XPG */,
			);
		};
/* End PBXProject section */

/* Begin PBXResourcesBuildPhase section */
		6BBFA42316939BF70098826F /* Resources */ = {
			isa = PBXResourcesBuildPhase;
			buildActionMask = 2147483647;
			files = (
				6BBFA43316939BF70098826F /* InfoPlist.strings in Resources */,
			);
			runOnlyForDeploymentPostprocessing = 0;
		};
/* End PBXResourcesBuildPhase section */

/* Begin PBXSourcesBuildPhase section */
		6BBFA42016939BF70098826F /* Sources */ = {
			isa = PBXSourcesBuildPhase;
			buildActionMask = 2147483647;
			files = (
				6BBFA43716939BF70098826F /* XPG.m in Sources */,
				6BBFA4BB16939C570098826F /* Address32.cpp in Sources */,
				6BBFA4BC16939C570098826F /* Address32Query.cpp in Sources */,
				6BBFA4BD16939C570098826F /* Base.cpp in Sources */,
				6BBFA4BE16939C570098826F /* Datagram32.cpp in Sources */,
				6BBFA4BF16939C570098826F /* DateTime.cpp in Sources */,
				6BBFA4C016939C570098826F /* Event.cpp in Sources */,
				6BBFA4C316939C570098826F /* IndexBufferObject.cpp in Sources */,
				6BBFA4C416939C570098826F /* InterleavedBufferObject.cpp in Sources */,
				6BBFA4CA16939C570098826F /* MersenneTwister19937.cpp in Sources */,
				6BBFA4CB16939C570098826F /* MouseState.cpp in Sources */,
				6BBFA4CD16939C570098826F /* NativeTimers.cpp in Sources */,
				6BBFA4CE16939C570098826F /* Packet.cpp in Sources */,
				6BBFA4CF16939C570098826F /* Program.cpp in Sources */,
				6BBFA4D016939C570098826F /* Shader.cpp in Sources */,
				6BBFA4D116939C570098826F /* Socket.cpp in Sources */,
				6BBFA4D216939C570098826F /* Stopwatch.cpp in Sources */,
				6BBFA4D316939C570098826F /* TcpListener.cpp in Sources */,
				6BBFA4D516939C570098826F /* TcpSocket.cpp in Sources */,
				6BBFA4D716939C570098826F /* TimeSpan.cpp in Sources */,
				6BBFA4D816939C570098826F /* UdpSocket.cpp in Sources */,
				6BBFA4D916939C570098826F /* Management.cpp in Sources */,
				6BBFA4DA16939C570098826F /* Mutex.cpp in Sources */,
				6BBFA4DB16939C570098826F /* Network.cpp in Sources */,
				6BBFA4DC16939C570098826F /* Thread.cpp in Sources */,
				6BBFA4E616939C570098826F /* WindowState.cpp in Sources */,
			);
			runOnlyForDeploymentPostprocessing = 0;
		};
/* End PBXSourcesBuildPhase section */

/* Begin PBXVariantGroup section */
		6BBFA43116939BF70098826F /* InfoPlist.strings */ = {
			isa = PBXVariantGroup;
			children = (
				6BBFA43216939BF70098826F /* en */,
			);
			name = InfoPlist.strings;
			sourceTree = "<group>";
		};
/* End PBXVariantGroup section */

/* Begin XCBuildConfiguration section */
		6BBFA43816939BF70098826F /* Debug */ = {
			isa = XCBuildConfiguration;
			buildSettings = {
				ALWAYS_SEARCH_USER_PATHS = NO;
				ARCHS = "$(ARCHS_STANDARD_64_BIT)";
				CLANG_ENABLE_OBJC_ARC = YES;
				COPY_PHASE_STRIP = NO;
				GCC_C_LANGUAGE_STANDARD = gnu99;
				GCC_DYNAMIC_NO_PIC = NO;
				GCC_ENABLE_OBJC_EXCEPTIONS = YES;
				GCC_OPTIMIZATION_LEVEL = 0;
				GCC_PREPROCESSOR_DEFINITIONS = (
					"DEBUG=1",
					"$(inherited)",
				);
				GCC_SYMBOLS_PRIVATE_EXTERN = NO;
				GCC_VERSION = com.apple.compilers.llvm.clang.1_0;
				GCC_WARN_64_TO_32_BIT_CONVERSION = YES;
				GCC_WARN_ABOUT_RETURN_TYPE = YES;
				GCC_WARN_UNINITIALIZED_AUTOS = YES;
				GCC_WARN_UNUSED_VARIABLE = YES;
				MACOSX_DEPLOYMENT_TARGET = 10.7;
				ONLY_ACTIVE_ARCH = YES;
				SDKROOT = macosx;
			};
			name = Debug;
		};
		6BBFA43916939BF70098826F /* Release */ = {
			isa = XCBuildConfiguration;
			buildSettings = {
				ALWAYS_SEARCH_USER_PATHS = NO;
				ARCHS = "$(ARCHS_STANDARD_64_BIT)";
				CLANG_ENABLE_OBJC_ARC = YES;
				COPY_PHASE_STRIP = YES;
				DEBUG_INFORMATION_FORMAT = "dwarf-with-dsym";
				GCC_C_LANGUAGE_STANDARD = gnu99;
				GCC_ENABLE_OBJC_EXCEPTIONS = YES;
				GCC_VERSION = com.apple.compilers.llvm.clang.1_0;
				GCC_WARN_64_TO_32_BIT_CONVERSION = YES;
				GCC_WARN_ABOUT_RETURN_TYPE = YES;
				GCC_WARN_UNINITIALIZED_AUTOS = YES;
				GCC_WARN_UNUSED_VARIABLE = YES;
				MACOSX_DEPLOYMENT_TARGET = 10.7;
				SDKROOT = macosx;
			};
			name = Release;
		};
		6BBFA43B16939BF70098826F /* Debug */ = {
			isa = XCBuildConfiguration;
			buildSettings = {
				DYLIB_COMPATIBILITY_VERSION = 1;
				DYLIB_CURRENT_VERSION = 1;
				FRAMEWORK_VERSION = A;
				GCC_PRECOMPILE_PREFIX_HEADER = YES;
				GCC_PREFIX_HEADER = "XPG/XPG-Prefix.pch";
				INFOPLIST_FILE = "XPG/XPG-Info.plist";
				PRODUCT_NAME = "$(TARGET_NAME)";
				WRAPPER_EXTENSION = framework;
			};
			name = Debug;
		};
		6BBFA43C16939BF70098826F /* Release */ = {
			isa = XCBuildConfiguration;
			buildSettings = {
				DYLIB_COMPATIBILITY_VERSION = 1;
				DYLIB_CURRENT_VERSION = 1;
				FRAMEWORK_VERSION = A;
				GCC_PRECOMPILE_PREFIX_HEADER = YES;
				GCC_PREFIX_HEADER = "XPG/XPG-Prefix.pch";
				INFOPLIST_FILE = "XPG/XPG-Info.plist";
				PRODUCT_NAME = "$(TARGET_NAME)";
				WRAPPER_EXTENSION = framework;
			};
			name = Release;
		};
/* End XCBuildConfiguration section */

/* Begin XCConfigurationList section */
		6BBFA41E16939BF70098826F /* Build configuration list for PBXProject "XPG" */ = {
			isa = XCConfigurationList;
			buildConfigurations = (
				6BBFA43816939BF70098826F /* Debug */,
				6BBFA43916939BF70098826F /* Release */,
			);
			defaultConfigurationIsVisible = 0;
			defaultConfigurationName = Release;
		};
		6BBFA43A16939BF70098826F /* Build configuration list for PBXNativeTarget "XPG" */ = {
			isa = XCConfigurationList;
			buildConfigurations = (
				6BBFA43B16939BF70098826F /* Debug */,
				6BBFA43C16939BF70098826F /* Release */,
			);
			defaultConfigurationIsVisible = 0;
		};
/* End XCConfigurationList section */
	};
	rootObject = 6BBFA41B16939BF70098826F /* Project object */;
}
